dependencies:
- name: artifactory
  repository: ""
  version: 0.1.0
- name: load-balancer
  repository: ""
  version: 0.1.0
- name: not-found
  repository: file://./apps/not-found/helm
  version: 0.1.0
- name: clock
  repository: file://./apps/clock/helm
  version: 0.1.0
- name: helm-deployer
  repository: file://./apps/helm-deployer/helm
  version: 0.1.0
digest: sha256:7fb78fe1d7538b1aa0250833ea127cbf0982be613f63b7ae79ab7e30a27e1749
generated: "2026-03-12T15:57:24.223526101+02:00"
