dependencies:
- name: artifactory
  repository: ""
  version: 0.1.0
- name: load-balancer
  repository: ""
  version: 0.1.0
- name: not-found
  repository: file://./apps/not-found/helm
  version: 0.1.0
- name: clock
  repository: file://../apps/clock/helm
  version: 0.1.0
- name: helm-deployer
  repository: file://./apps/helm-deployer/helm
  version: 0.1.0
digest: sha256:79c71402af2b7575d9d1ed8fe0efd11817c025854976f63e5356f23f58db2004
generated: "2026-03-12T16:00:52.325560357+02:00"
