dependencies:
- name: artifactory
  repository: ""
  version: 0.1.0
- name: load-balancer
  repository: ""
  version: 0.1.0
- name: helm-deployer
  repository: file://./apps/helm-deployer/helm
  version: 0.1.0
digest: sha256:6ee7bd1dce6a172d0b8621576498f26605ad18c5dbc3c04598df78f77d8a23bc
generated: "2026-02-12T16:16:36.558144595+02:00"
