dependencies:
- name: in-memory-map
  repository: file://../apps/in-memory-map/helm
  version: 0.1.0
- name: static_file
  repository: file://../apps/static_file/helm
  version: 0.1.0
digest: sha256:4d8880915808b1f00990f2a6e76655f525e9db6a5c13b853d05878888fc99668
generated: "2026-02-12T17:36:13.962780401+02:00"
